
Microsoft Visual Studio Solution File, Format Version 12.00
# Visual Studio Version 17
VisualStudioVersion = 17.3.32901.215
MinimumVisualStudioVersion = 10.0.40219.1
Project("{FAE04EC0-301F-11D3-BF4B-00C04F79EFBC}") = "APICodingChallenge", "APICodingChallenge\APICodingChallenge.csproj", "{553A9954-CDC4-4632-B88A-26E833AF2E46}"
EndProject
Global
	GlobalSection(SolutionConfigurationPlatforms) = preSolution
		Debug|Any CPU = Debug|Any CPU
		Release|Any CPU = Release|Any CPU
	EndGlobalSection
	GlobalSection(ProjectConfigurationPlatforms) = postSolution
		{553A9954-CDC4-4632-B88A-26E833AF2E46}.Debug|Any CPU.ActiveCfg = Debug|Any CPU
		{553A9954-CDC4-4632-B88A-26E833AF2E46}.Debug|Any CPU.Build.0 = Debug|Any CPU
		{553A9954-CDC4-4632-B88A-26E833AF2E46}.Release|Any CPU.ActiveCfg = Release|Any CPU
		{553A9954-CDC4-4632-B88A-26E833AF2E46}.Release|Any CPU.Build.0 = Release|Any CPU
	EndGlobalSection
	GlobalSection(SolutionProperties) = preSolution
		HideSolutionNode = FALSE
	EndGlobalSection
	GlobalSection(ExtensibilityGlobals) = postSolution
		SolutionGuid = {6210CC7E-D620-4F9C-99E1-32C3CDA0D5ED}
	EndGlobalSection
EndGlobal
